
Microsoft Visual Studio Solution File, Format Version 12.00
# Visual Studio 15
VisualStudioVersion = 15.0.28307.902
MinimumVisualStudioVersion = 10.0.40219.1
Project("{FAE04EC0-301F-11D3-BF4B-00C04F79EFBC}") = "AppWebDiContosoUniversity", "AppWebDiContosoUniversity\AppWebDiContosoUniversity.csproj", "{0E5E4676-0FDF-41F4-BEDF-EE22855BCEC9}"
EndProject
Global
	GlobalSection(SolutionConfigurationPlatforms) = preSolution
		Debug|Any CPU = Debug|Any CPU
		Release|Any CPU = Release|Any CPU
	EndGlobalSection
	GlobalSection(ProjectConfigurationPlatforms) = postSolution
		{0E5E4676-0FDF-41F4-BEDF-EE22855BCEC9}.Debug|Any CPU.ActiveCfg = Debug|Any CPU
		{0E5E4676-0FDF-41F4-BEDF-EE22855BCEC9}.Debug|Any CPU.Build.0 = Debug|Any CPU
		{0E5E4676-0FDF-41F4-BEDF-EE22855BCEC9}.Release|Any CPU.ActiveCfg = Release|Any CPU
		{0E5E4676-0FDF-41F4-BEDF-EE22855BCEC9}.Release|Any CPU.Build.0 = Release|Any CPU
	EndGlobalSection
	GlobalSection(SolutionProperties) = preSolution
		HideSolutionNode = FALSE
	EndGlobalSection
	GlobalSection(ExtensibilityGlobals) = postSolution
		SolutionGuid = {E4B535CD-3C58-4B88-AE8A-B249BF84EBD5}
	EndGlobalSection
EndGlobal
